// !$*UTF8*$!
{
	archiveVersion = 1;
	classes = {
	};
	objectVersion = 50;
	objects = {

/* Begin PBXBuildFile section */
		514BE79721A9AB2800C42BC7 /* AppDelegate.swift in Sources */ = {isa = PBXBuildFile; fileRef = 514BE79621A9AB2800C42BC7 /* AppDelegate.swift */; };
		514BE79921A9AB2800C42BC7 /* ViewController.swift in Sources */ = {isa = PBXBuildFile; fileRef = 514BE79821A9AB2800C42BC7 /* ViewController.swift */; };
		514BE79C21A9AB2800C42BC7 /* Main.storyboard in Resources */ = {isa = PBXBuildFile; fileRef = 514BE79A21A9AB2800C42BC7 /* Main.storyboard */; };
		514BE79F21A9AB2800C42BC7 /* PG5600_eksamen.xcdatamodeld in Sources */ = {isa = PBXBuildFile; fileRef = 514BE79D21A9AB2800C42BC7 /* PG5600_eksamen.xcdatamodeld */; };
		514BE7A121A9AB2B00C42BC7 /* Assets.xcassets in Resources */ = {isa = PBXBuildFile; fileRef = 514BE7A021A9AB2B00C42BC7 /* Assets.xcassets */; };
		514BE7A421A9AB2B00C42BC7 /* LaunchScreen.storyboard in Resources */ = {isa = PBXBuildFile; fileRef = 514BE7A221A9AB2B00C42BC7 /* LaunchScreen.storyboard */; };
/* End PBXBuildFile section */

/* Begin PBXFileReference section */
		514BE79321A9AB2800C42BC7 /* PG5600_eksamen.app */ = {isa = PBXFileReference; explicitFileType = wrapper.application; includeInIndex = 0; path = PG5600_eksamen.app; sourceTree = BUILT_PRODUCTS_DIR; };
		514BE79621A9AB2800C42BC7 /* AppDelegate.swift */ = {isa = PBXFileReference; lastKnownFileType = sourcecode.swift; path = AppDelegate.swift; sourceTree = "<group>"; };
		514BE79821A9AB2800C42BC7 /* ViewController.swift */ = {isa = PBXFileReference; lastKnownFileType = sourcecode.swift; path = ViewController.swift; sourceTree = "<group>"; };
		514BE79B21A9AB2800C42BC7 /* Base */ = {isa = PBXFileReference; lastKnownFileType = file.storyboard; name = Base; path = Base.lproj/Main.storyboard; sourceTree = "<group>"; };
		514BE79E21A9AB2800C42BC7 /* PG5600_eksamen.xcdatamodel */ = {isa = PBXFileReference; lastKnownFileType = wrapper.xcdatamodel; path = PG5600_eksamen.xcdatamodel; sourceTree = "<group>"; };
		514BE7A021A9AB2B00C42BC7 /* Assets.xcassets */ = {isa = PBXFileReference; lastKnownFileType = folder.assetcatalog; path = Assets.xcassets; sourceTree = "<group>"; };
		514BE7A321A9AB2B00C42BC7 /* Base */ = {isa = PBXFileReference; lastKnownFileType = file.storyboard; name = Base; path = Base.lproj/LaunchScreen.storyboard; sourceTree = "<group>"; };
		514BE7A521A9AB2B00C42BC7 /* Info.plist */ = {isa = PBXFileReference; lastKnownFileType = text.plist.xml; path = Info.plist; sourceTree = "<group>"; };
/* End PBXFileReference section */

/* Begin PBXFrameworksBuildPhase section */
		514BE79021A9AB2800C42BC7 /* Frameworks */ = {
			isa = PBXFrameworksBuildPhase;
			buildActionMask = 2147483647;
			files = (
			);
			runOnlyForDeploymentPostprocessing = 0;
		};
/* End PBXFrameworksBuildPhase section */

/* Begin PBXGroup section */
		514BE78A21A9AB2800C42BC7 = {
			isa = PBXGroup;
			children = (
				514BE79521A9AB2800C42BC7 /* PG5600_eksamen */,
				514BE79421A9AB2800C42BC7 /* Products */,
			);
			sourceTree = "<group>";
		};
		514BE79421A9AB2800C42BC7 /* Products */ = {
			isa = PBXGroup;
			children = (
				514BE79321A9AB2800C42BC7 /* PG5600_eksamen.app */,
			);
			name = Products;
			sourceTree = "<group>";
		};
		514BE79521A9AB2800C42BC7 /* PG5600_eksamen */ = {
			isa = PBXGroup;
			children = (
				514BE79621A9AB2800C42BC7 /* AppDelegate.swift */,
				514BE79821A9AB2800C42BC7 /* ViewController.swift */,
				514BE79A21A9AB2800C42BC7 /* Main.storyboard */,
				514BE7A021A9AB2B00C42BC7 /* Assets.xcassets */,
				514BE7A221A9AB2B00C42BC7 /* LaunchScreen.storyboard */,
				514BE7A521A9AB2B00C42BC7 /* Info.plist */,
				514BE79D21A9AB2800C42BC7 /* PG5600_eksamen.xcdatamodeld */,
			);
			path = PG5600_eksamen;
			sourceTree = "<group>";
		};
/* End PBXGroup section */

/* Begin PBXNativeTarget section */
		514BE79221A9AB2800C42BC7 /* PG5600_eksamen */ = {
			isa = PBXNativeTarget;
			buildConfigurationList = 514BE7A821A9AB2B00C42BC7 /* Build configuration list for PBXNativeTarget "PG5600_eksamen" */;
			buildPhases = (
				514BE78F21A9AB2800C42BC7 /* Sources */,
				514BE79021A9AB2800C42BC7 /* Frameworks */,
				514BE79121A9AB2800C42BC7 /* Resources */,
			);
			buildRules = (
			);
			dependencies = (
			);
			name = PG5600_eksamen;
			productName = PG5600_eksamen;
			productReference = 514BE79321A9AB2800C42BC7 /* PG5600_eksamen.app */;
			productType = "com.apple.product-type.application";
		};
/* End PBXNativeTarget section */

/* Begin PBXProject section */
		514BE78B21A9AB2800C42BC7 /* Project object */ = {
			isa = PBXProject;
			attributes = {
				LastSwiftUpdateCheck = 1010;
				LastUpgradeCheck = 1010;
				ORGANIZATIONNAME = "Høyskolen Kristiania";
				TargetAttributes = {
					514BE79221A9AB2800C42BC7 = {
						CreatedOnToolsVersion = 10.1;
					};
				};
			};
			buildConfigurationList = 514BE78E21A9AB2800C42BC7 /* Build configuration list for PBXProject "PG5600_eksamen" */;
			compatibilityVersion = "Xcode 9.3";
			developmentRegion = en;
			hasScannedForEncodings = 0;
			knownRegions = (
				en,
				Base,
			);
			mainGroup = 514BE78A21A9AB2800C42BC7;
			productRefGroup = 514BE79421A9AB2800C42BC7 /* Products */;
			projectDirPath = "";
			projectRoot = "";
			targets = (
				514BE79221A9AB2800C42BC7 /* PG5600_eksamen */,
			);
		};
/* End PBXProject section */

/* Begin PBXResourcesBuildPhase section */
		514BE79121A9AB2800C42BC7 /* Resources */ = {
			isa = PBXResourcesBuildPhase;
			buildActionMask = 2147483647;
			files = (
				514BE7A421A9AB2B00C42BC7 /* LaunchScreen.storyboard in Resources */,
				514BE7A121A9AB2B00C42BC7 /* Assets.xcassets in Resources */,
				514BE79C21A9AB2800C42BC7 /* Main.storyboard in Resources */,
			);
			runOnlyForDeploymentPostprocessing = 0;
		};
/* End PBXResourcesBuildPhase section */

/* Begin PBXSourcesBuildPhase section */
		514BE78F21A9AB2800C42BC7 /* Sources */ = {
			isa = PBXSourcesBuildPhase;
			buildActionMask = 2147483647;
			files = (
				514BE79921A9AB2800C42BC7 /* ViewController.swift in Sources */,
				514BE79721A9AB2800C42BC7 /* AppDelegate.swift in Sources */,
				514BE79F21A9AB2800C42BC7 /* PG5600_eksamen.xcdatamodeld in Sources */,
			);
			runOnlyForDeploymentPostprocessing = 0;
		};
/* End PBXSourcesBuildPhase section */

/* Begin PBXVariantGroup section */
		514BE79A21A9AB2800C42BC7 /* Main.storyboard */ = {
			isa = PBXVariantGroup;
			children = (
				514BE79B21A9AB2800C42BC7 /* Base */,
			);
			name = Main.storyboard;
			sourceTree = "<group>";
		};
		514BE7A221A9AB2B00C42BC7 /* LaunchScreen.storyboard */ = {
			isa = PBXVariantGroup;
			children = (
				514BE7A321A9AB2B00C42BC7 /* Base */,
			);
			name = LaunchScreen.storyboard;
			sourceTree = "<group>";
		};
/* End PBXVariantGroup section */

/* Begin XCBuildConfiguration section */
		514BE7A621A9AB2B00C42BC7 /* Debug */ = {
			isa = XCBuildConfiguration;
			buildSettings = {
				ALWAYS_SEARCH_USER_PATHS = NO;
				CLANG_ANALYZER_NONNULL = YES;
				CLANG_ANALYZER_NUMBER_OBJECT_CONVERSION = YES_AGGRESSIVE;
				CLANG_CXX_LANGUAGE_STANDARD = "gnu++14";
				CLANG_CXX_LIBRARY = "libc++";
				CLANG_ENABLE_MODULES = YES;
				CLANG_ENABLE_OBJC_ARC = YES;
				CLANG_ENABLE_OBJC_WEAK = YES;
				CLANG_WARN_BLOCK_CAPTURE_AUTORELEASING = YES;
				CLANG_WARN_BOOL_CONVERSION = YES;
				CLANG_WARN_COMMA = YES;
				CLANG_WARN_CONSTANT_CONVERSION = YES;
				CLANG_WARN_DEPRECATED_OBJC_IMPLEMENTATIONS = YES;
				CLANG_WARN_DIRECT_OBJC_ISA_USAGE = YES_ERROR;
				CLANG_WARN_DOCUMENTATION_COMMENTS = YES;
				CLANG_WARN_EMPTY_BODY = YES;
				CLANG_WARN_ENUM_CONVERSION = YES;
				CLANG_WARN_INFINITE_RECURSION = YES;
				CLANG_WARN_INT_CONVERSION = YES;
				CLANG_WARN_NON_LITERAL_NULL_CONVERSION = YES;
				CLANG_WARN_OBJC_IMPLICIT_RETAIN_SELF = YES;
				CLANG_WARN_OBJC_LITERAL_CONVERSION = YES;
				CLANG_WARN_OBJC_ROOT_CLASS = YES_ERROR;
				CLANG_WARN_RANGE_LOOP_ANALYSIS = YES;
				CLANG_WARN_STRICT_PROTOTYPES = YES;
				CLANG_WARN_SUSPICIOUS_MOVE = YES;
				CLANG_WARN_UNGUARDED_AVAILABILITY = YES_AGGRESSIVE;
				CLANG_WARN_UNREACHABLE_CODE = YES;
				CLANG_WARN__DUPLICATE_METHOD_MATCH = YES;
				CODE_SIGN_IDENTITY = "iPhone Developer";
				COPY_PHASE_STRIP = NO;
				DEBUG_INFORMATION_FORMAT = dwarf;
				ENABLE_STRICT_OBJC_MSGSEND = YES;
				ENABLE_TESTABILITY = YES;
				GCC_C_LANGUAGE_STANDARD = gnu11;
				GCC_DYNAMIC_NO_PIC = NO;
				GCC_NO_COMMON_BLOCKS = YES;
				GCC_OPTIMIZATION_LEVEL = 0;
				GCC_PREPROCESSOR_DEFINITIONS = (
					"DEBUG=1",
					"$(inherited)",
				);
				GCC_WARN_64_TO_32_BIT_CONVERSION = YES;
				GCC_WARN_ABOUT_RETURN_TYPE = YES_ERROR;
				GCC_WARN_UNDECLARED_SELECTOR = YES;
				GCC_WARN_UNINITIALIZED_AUTOS = YES_AGGRESSIVE;
				GCC_WARN_UNUSED_FUNCTION = YES;
				GCC_WARN_UNUSED_VARIABLE = YES;
				IPHONEOS_DEPLOYMENT_TARGET = 12.1;
				MTL_ENABLE_DEBUG_INFO = INCLUDE_SOURCE;
				MTL_FAST_MATH = YES;
				ONLY_ACTIVE_ARCH = YES;
				SDKROOT = iphoneos;
				SWIFT_ACTIVE_COMPILATION_CONDITIONS = DEBUG;
				SWIFT_OPTIMIZATION_LEVEL = "-Onone";
			};
			name = Debug;
		};
		514BE7A721A9AB2B00C42BC7 /* Release */ = {
			isa = XCBuildConfiguration;
			buildSettings = {
				ALWAYS_SEARCH_USER_PATHS = NO;
				CLANG_ANALYZER_NONNULL = YES;
				CLANG_ANALYZER_NUMBER_OBJECT_CONVERSION = YES_AGGRESSIVE;
				CLANG_CXX_LANGUAGE_STANDARD = "gnu++14";
				CLANG_CXX_LIBRARY = "libc++";
				CLANG_ENABLE_MODULES = YES;
				CLANG_ENABLE_OBJC_ARC = YES;
				CLANG_ENABLE_OBJC_WEAK = YES;
				CLANG_WARN_BLOCK_CAPTURE_AUTORELEASING = YES;
				CLANG_WARN_BOOL_CONVERSION = YES;
				CLANG_WARN_COMMA = YES;
				CLANG_WARN_CONSTANT_CONVERSION = YES;
				CLANG_WARN_DEPRECATED_OBJC_IMPLEMENTATIONS = YES;
				CLANG_WARN_DIRECT_OBJC_ISA_USAGE = YES_ERROR;
				CLANG_WARN_DOCUMENTATION_COMMENTS = YES;
				CLANG_WARN_EMPTY_BODY = YES;
				CLANG_WARN_ENUM_CONVERSION = YES;
				CLANG_WARN_INFINITE_RECURSION = YES;
				CLANG_WARN_INT_CONVERSION = YES;
				CLANG_WARN_NON_LITERAL_NULL_CONVERSION = YES;
				CLANG_WARN_OBJC_IMPLICIT_RETAIN_SELF = YES;
				CLANG_WARN_OBJC_LITERAL_CONVERSION = YES;
				CLANG_WARN_OBJC_ROOT_CLASS = YES_ERROR;
				CLANG_WARN_RANGE_LOOP_ANALYSIS = YES;
				CLANG_WARN_STRICT_PROTOTYPES = YES;
				CLANG_WARN_SUSPICIOUS_MOVE = YES;
				CLANG_WARN_UNGUARDED_AVAILABILITY = YES_AGGRESSIVE;
				CLANG_WARN_UNREACHABLE_CODE = YES;
				CLANG_WARN__DUPLICATE_METHOD_MATCH = YES;
				CODE_SIGN_IDENTITY = "iPhone Developer";
				COPY_PHASE_STRIP = NO;
				DEBUG_INFORMATION_FORMAT = "dwarf-with-dsym";
				ENABLE_NS_ASSERTIONS = NO;
				ENABLE_STRICT_OBJC_MSGSEND = YES;
				GCC_C_LANGUAGE_STANDARD = gnu11;
				GCC_NO_COMMON_BLOCKS = YES;
				GCC_WARN_64_TO_32_BIT_CONVERSION = YES;
				GCC_WARN_ABOUT_RETURN_TYPE = YES_ERROR;
				GCC_WARN_UNDECLARED_SELECTOR = YES;
				GCC_WARN_UNINITIALIZED_AUTOS = YES_AGGRESSIVE;
				GCC_WARN_UNUSED_FUNCTION = YES;
				GCC_WARN_UNUSED_VARIABLE = YES;
				IPHONEOS_DEPLOYMENT_TARGET = 12.1;
				MTL_ENABLE_DEBUG_INFO = NO;
				MTL_FAST_MATH = YES;
				SDKROOT = iphoneos;
				SWIFT_COMPILATION_MODE = wholemodule;
				SWIFT_OPTIMIZATION_LEVEL = "-O";
				VALIDATE_PRODUCT = YES;
			};
			name = Release;
		};
		514BE7A921A9AB2B00C42BC7 /* Debug */ = {
			isa = XCBuildConfiguration;
			buildSettings = {
				ASSETCATALOG_COMPILER_APPICON_NAME = AppIcon;
				CODE_SIGN_STYLE = Automatic;
				INFOPLIST_FILE = PG5600_eksamen/Info.plist;
				LD_RUNPATH_SEARCH_PATHS = (
					"$(inherited)",
					"@executable_path/Frameworks",
				);
				PRODUCT_BUNDLE_IDENTIFIER = "kristiania.no.PG5600-eksamen";
				PRODUCT_NAME = "$(TARGET_NAME)";
				SWIFT_VERSION = 4.2;
				TARGETED_DEVICE_FAMILY = "1,2";
			};
			name = Debug;
		};
		514BE7AA21A9AB2B00C42BC7 /* Release */ = {
			isa = XCBuildConfiguration;
			buildSettings = {
				ASSETCATALOG_COMPILER_APPICON_NAME = AppIcon;
				CODE_SIGN_STYLE = Automatic;
				INFOPLIST_FILE = PG5600_eksamen/Info.plist;
				LD_RUNPATH_SEARCH_PATHS = (
					"$(inherited)",
					"@executable_path/Frameworks",
				);
				PRODUCT_BUNDLE_IDENTIFIER = "kristiania.no.PG5600-eksamen";
				PRODUCT_NAME = "$(TARGET_NAME)";
				SWIFT_VERSION = 4.2;
				TARGETED_DEVICE_FAMILY = "1,2";
			};
			name = Release;
		};
/* End XCBuildConfiguration section */

/* Begin XCConfigurationList section */
		514BE78E21A9AB2800C42BC7 /* Build configuration list for PBXProject "PG5600_eksamen" */ = {
			isa = XCConfigurationList;
			buildConfigurations = (
				514BE7A621A9AB2B00C42BC7 /* Debug */,
				514BE7A721A9AB2B00C42BC7 /* Release */,
			);
			defaultConfigurationIsVisible = 0;
			defaultConfigurationName = Release;
		};
		514BE7A821A9AB2B00C42BC7 /* Build configuration list for PBXNativeTarget "PG5600_eksamen" */ = {
			isa = XCConfigurationList;
			buildConfigurations = (
				514BE7A921A9AB2B00C42BC7 /* Debug */,
				514BE7AA21A9AB2B00C42BC7 /* Release */,
			);
			defaultConfigurationIsVisible = 0;
			defaultConfigurationName = Release;
		};
/* End XCConfigurationList section */

/* Begin XCVersionGroup section */
		514BE79D21A9AB2800C42BC7 /* PG5600_eksamen.xcdatamodeld */ = {
			isa = XCVersionGroup;
			children = (
				514BE79E21A9AB2800C42BC7 /* PG5600_eksamen.xcdatamodel */,
			);
			currentVersion = 514BE79E21A9AB2800C42BC7 /* PG5600_eksamen.xcdatamodel */;
			path = PG5600_eksamen.xcdatamodeld;
			sourceTree = "<group>";
			versionGroupType = wrapper.xcdatamodel;
		};
/* End XCVersionGroup section */
	};
	rootObject = 514BE78B21A9AB2800C42BC7 /* Project object */;
}
